
Microsoft Visual Studio Solution File, Format Version 12.00
# Visual Studio Version 17
VisualStudioVersion = 17.0.31903.59
MinimumVisualStudioVersion = 10.0.40219.1
Project("{FAE04EC0-301F-11D3-BF4B-00C04F79EFBC}") = "CafeBot.Core", "CafeBot.Core\CafeBot.Core.csproj", "{D4F3D7A3-CFD5-411A-886E-2AAF101D079D}"
EndProject
Project("{FAE04EC0-301F-11D3-BF4B-00C04F79EFBC}") = "CafeBot.Infrastructure", "CafeBot.Infrastructure\CafeBot.Infrastructure.csproj", "{C686DCE4-F937-44AE-8826-0F7C4A7089E6}"
EndProject
Project("{FAE04EC0-301F-11D3-BF4B-00C04F79EFBC}") = "CafeBot.Application", "CafeBot.Application\CafeBot.Application.csproj", "{2E0B2DED-2251-4959-9208-10F9ABBCFB37}"
EndProject
Project("{FAE04EC0-301F-11D3-BF4B-00C04F79EFBC}") = "CafeBot.TelegramBot", "CafeBot.TelegramBot\CafeBot.TelegramBot.csproj", "{87D8C7B1-2BB4-4270-859F-AFE388C14CDB}"
EndProject
Global
	GlobalSection(SolutionConfigurationPlatforms) = preSolution
		Debug|Any CPU = Debug|Any CPU
		Release|Any CPU = Release|Any CPU
	EndGlobalSection
	GlobalSection(SolutionProperties) = preSolution
		HideSolutionNode = FALSE
	EndGlobalSection
	GlobalSection(ProjectConfigurationPlatforms) = postSolution
		{D4F3D7A3-CFD5-411A-886E-2AAF101D079D}.Debug|Any CPU.ActiveCfg = Debug|Any CPU
		{D4F3D7A3-CFD5-411A-886E-2AAF101D079D}.Debug|Any CPU.Build.0 = Debug|Any CPU
		{D4F3D7A3-CFD5-411A-886E-2AAF101D079D}.Release|Any CPU.ActiveCfg = Release|Any CPU
		{D4F3D7A3-CFD5-411A-886E-2AAF101D079D}.Release|Any CPU.Build.0 = Release|Any CPU
		{C686DCE4-F937-44AE-8826-0F7C4A7089E6}.Debug|Any CPU.ActiveCfg = Debug|Any CPU
		{C686DCE4-F937-44AE-8826-0F7C4A7089E6}.Debug|Any CPU.Build.0 = Debug|Any CPU
		{C686DCE4-F937-44AE-8826-0F7C4A7089E6}.Release|Any CPU.ActiveCfg = Release|Any CPU
		{C686DCE4-F937-44AE-8826-0F7C4A7089E6}.Release|Any CPU.Build.0 = Release|Any CPU
		{2E0B2DED-2251-4959-9208-10F9ABBCFB37}.Debug|Any CPU.ActiveCfg = Debug|Any CPU
		{2E0B2DED-2251-4959-9208-10F9ABBCFB37}.Debug|Any CPU.Build.0 = Debug|Any CPU
		{2E0B2DED-2251-4959-9208-10F9ABBCFB37}.Release|Any CPU.ActiveCfg = Release|Any CPU
		{2E0B2DED-2251-4959-9208-10F9ABBCFB37}.Release|Any CPU.Build.0 = Release|Any CPU
		{87D8C7B1-2BB4-4270-859F-AFE388C14CDB}.Debug|Any CPU.ActiveCfg = Debug|Any CPU
		{87D8C7B1-2BB4-4270-859F-AFE388C14CDB}.Debug|Any CPU.Build.0 = Debug|Any CPU
		{87D8C7B1-2BB4-4270-859F-AFE388C14CDB}.Release|Any CPU.ActiveCfg = Release|Any CPU
		{87D8C7B1-2BB4-4270-859F-AFE388C14CDB}.Release|Any CPU.Build.0 = Release|Any CPU
	EndGlobalSection
EndGlobal
